Microsoft Visual Studio Solution File, Format Version 12.00
# Visual Studio Version 17
VisualStudioVersion = 17.5.2.0
MinimumVisualStudioVersion = 10.0.40219.1
Project("{2150E333-8FDC-42A3-9474-1A3956D46DE8}") = "src", "src", "{827E0CD3-B72D-47B6-A68D-7590B98EB39B}"
EndProject
Project("{FAE04EC0-301F-11D3-BF4B-00C04F79EFBC}") = "SistemaAgendamento.Api", "src\SistemaAgendamento.Api\SistemaAgendamento.Api.csproj", "{2C2219FF-2ED8-7271-38CB-B9105C211B4C}"
EndProject
Project("{FAE04EC0-301F-11D3-BF4B-00C04F79EFBC}") = "SistemaAgendamento.Application", "src\SistemaAgendamento.Application\SistemaAgendamento.Application.csproj", "{87ED3AD3-0DC1-5B62-AFF9-ADF2E1F47F8B}"
EndProject
Project("{FAE04EC0-301F-11D3-BF4B-00C04F79EFBC}") = "SistemaAgendamento.Domain", "src\SistemaAgendamento.Domain\SistemaAgendamento.Domain.csproj", "{F92311A0-67EA-8D61-059E-A686503F9504}"
EndProject
Project("{FAE04EC0-301F-11D3-BF4B-00C04F79EFBC}") = "SistemaAgendamento.Infrastructure", "src\SistemaAgendamento.Infrastructure\SistemaAgendamento.Infrastructure.csproj", "{F020136C-1C5C-52BC-2B80-B5BFC9BFD678}"
EndProject
Global
	GlobalSection(SolutionConfigurationPlatforms) = preSolution
		Debug|Any CPU = Debug|Any CPU
		Release|Any CPU = Release|Any CPU
	EndGlobalSection
	GlobalSection(ProjectConfigurationPlatforms) = postSolution
		{2C2219FF-2ED8-7271-38CB-B9105C211B4C}.Debug|Any CPU.ActiveCfg = Debug|Any CPU
		{2C2219FF-2ED8-7271-38CB-B9105C211B4C}.Debug|Any CPU.Build.0 = Debug|Any CPU
		{2C2219FF-2ED8-7271-38CB-B9105C211B4C}.Release|Any CPU.ActiveCfg = Release|Any CPU
		{2C2219FF-2ED8-7271-38CB-B9105C211B4C}.Release|Any CPU.Build.0 = Release|Any CPU
		{87ED3AD3-0DC1-5B62-AFF9-ADF2E1F47F8B}.Debug|Any CPU.ActiveCfg = Debug|Any CPU
		{87ED3AD3-0DC1-5B62-AFF9-ADF2E1F47F8B}.Debug|Any CPU.Build.0 = Debug|Any CPU
		{87ED3AD3-0DC1-5B62-AFF9-ADF2E1F47F8B}.Release|Any CPU.ActiveCfg = Release|Any CPU
		{87ED3AD3-0DC1-5B62-AFF9-ADF2E1F47F8B}.Release|Any CPU.Build.0 = Release|Any CPU
		{F92311A0-67EA-8D61-059E-A686503F9504}.Debug|Any CPU.ActiveCfg = Debug|Any CPU
		{F92311A0-67EA-8D61-059E-A686503F9504}.Debug|Any CPU.Build.0 = Debug|Any CPU
		{F92311A0-67EA-8D61-059E-A686503F9504}.Release|Any CPU.ActiveCfg = Release|Any CPU
		{F92311A0-67EA-8D61-059E-A686503F9504}.Release|Any CPU.Build.0 = Release|Any CPU
		{F020136C-1C5C-52BC-2B80-B5BFC9BFD678}.Debug|Any CPU.ActiveCfg = Debug|Any CPU
		{F020136C-1C5C-52BC-2B80-B5BFC9BFD678}.Debug|Any CPU.Build.0 = Debug|Any CPU
		{F020136C-1C5C-52BC-2B80-B5BFC9BFD678}.Release|Any CPU.ActiveCfg = Release|Any CPU
		{F020136C-1C5C-52BC-2B80-B5BFC9BFD678}.Release|Any CPU.Build.0 = Release|Any CPU
	EndGlobalSection
	GlobalSection(SolutionProperties) = preSolution
		HideSolutionNode = FALSE
	EndGlobalSection
	GlobalSection(NestedProjects) = preSolution
		{2C2219FF-2ED8-7271-38CB-B9105C211B4C} = {827E0CD3-B72D-47B6-A68D-7590B98EB39B}
		{87ED3AD3-0DC1-5B62-AFF9-ADF2E1F47F8B} = {827E0CD3-B72D-47B6-A68D-7590B98EB39B}
		{F92311A0-67EA-8D61-059E-A686503F9504} = {827E0CD3-B72D-47B6-A68D-7590B98EB39B}
		{F020136C-1C5C-52BC-2B80-B5BFC9BFD678} = {827E0CD3-B72D-47B6-A68D-7590B98EB39B}
	EndGlobalSection
	GlobalSection(ExtensibilityGlobals) = postSolution
		SolutionGuid = {4DB1E0D0-D782-47A4-A05A-CCC9D92515D6}
	EndGlobalSection
EndGlobal
